{
  "version": "1",
  "sources": {
    "den": {
      "type": "GitHub",
      "fetchType": "tarball",
      "owner": "denful",
      "repo": "den",
      "branch": "main",
      "revision": "36c8ba5c07e2aa7d4816c6314ff2b6656293dee4",
      "url": "https://github.com/denful/den/archive/36c8ba5c07e2aa7d4816c6314ff2b6656293dee4.tar.gz",
      "hash": "sha256-2NVetxl+ycFWX4NZTCRqEnx4F37QajVpJe/b+n1Xw9I="
    },
    "home-manager": {
      "type": "GitHub",
      "fetchType": "tarball",
      "owner": "nix-community",
      "repo": "home-manager",
      "branch": "master",
      "revision": "693e8ce0fb240a73c116a03cfd7b19269c87af88",
      "url": "https://github.com/nix-community/home-manager/archive/693e8ce0fb240a73c116a03cfd7b19269c87af88.tar.gz",
      "hash": "sha256-Ro/e1N4ZR8/XaFF+sF9SgfPK79HM5YNEppzFj8p+0Ak="
    },
    "nixpkgs": {
      "type": "GitHub",
      "fetchType": "tarball",
      "owner": "nixos",
      "repo": "nixpkgs",
      "branch": "master",
      "revision": "217ee364d167bf7ff819c7e2d1a1b8140f4afc0d",
      "url": "https://github.com/nixos/nixpkgs/archive/217ee364d167bf7ff819c7e2d1a1b8140f4afc0d.tar.gz",
      "hash": "sha256-5jcl+RckGopvvB0Zz1ORU2AKT39r2ncchMuXAntAxAw="
    },
    "with-inputs": {
      "type": "GitHub",
      "fetchType": "tarball",
      "owner": "denful",
      "repo": "with-inputs",
      "branch": "main",
      "revision": "f0a6bc2464d744e6e3089f89ea6efeb9427c4acd",
      "url": "https://github.com/denful/with-inputs/archive/f0a6bc2464d744e6e3089f89ea6efeb9427c4acd.tar.gz",
      "hash": "sha256-yFXytpx2/EzFCji5gbn819t9AcIOe5LnlFTnrIkoZ/Q="
    }
  }
}
